// !$*UTF8*$!
{
	archiveVersion = 1;
	classes = {
	};
	objectVersion = 48;
	objects = {

/* Begin PBXBuildFile section */
		7974D24BEDECFA1F1F303A55 /* libPods-Drone Safely.a in Frameworks */ = {isa = PBXBuildFile; fileRef = B972F6FA0F0149C69449D51B /* libPods-Drone Safely.a */; };
		A7719D771FAB307800BD557A /* AppDelegate.swift in Sources */ = {isa = PBXBuildFile; fileRef = A7719D761FAB307800BD557A /* AppDelegate.swift */; };
		A7719D7E1FAB307800BD557A /* Assets.xcassets in Resources */ = {isa = PBXBuildFile; fileRef = A7719D7D1FAB307800BD557A /* Assets.xcassets */; };
		A7719D8C1FAB307800BD557A /* Drone_SafelyTests.swift in Sources */ = {isa = PBXBuildFile; fileRef = A7719D8B1FAB307800BD557A /* Drone_SafelyTests.swift */; };
		A7719E291FAB327600BD557A /* Location.storyboard in Resources */ = {isa = PBXBuildFile; fileRef = A7719E031FAB327500BD557A /* Location.storyboard */; };
		A7719E2A1FAB327600BD557A /* LaunchScreen.storyboard in Resources */ = {isa = PBXBuildFile; fileRef = A7719E041FAB327500BD557A /* LaunchScreen.storyboard */; };
		A7719E2B1FAB327600BD557A /* Main.storyboard in Resources */ = {isa = PBXBuildFile; fileRef = A7719E061FAB327500BD557A /* Main.storyboard */; };
		A7719E2C1FAB327600BD557A /* Login.storyboard in Resources */ = {isa = PBXBuildFile; fileRef = A7719E081FAB327500BD557A /* Login.storyboard */; };
		A7719E2D1FAB327600BD557A /* DesignableButton.swift in Sources */ = {isa = PBXBuildFile; fileRef = A7719E0A1FAB327500BD557A /* DesignableButton.swift */; };
		A7719E2E1FAB327600BD557A /* Extensions.swift in Sources */ = {isa = PBXBuildFile; fileRef = A7719E0B1FAB327500BD557A /* Extensions.swift */; };
		A7719E2F1FAB327600BD557A /* DesignableView.swift in Sources */ = {isa = PBXBuildFile; fileRef = A7719E0C1FAB327500BD557A /* DesignableView.swift */; };
		A7719E301FAB327600BD557A /* String+Validations.swift in Sources */ = {isa = PBXBuildFile; fileRef = A7719E0D1FAB327500BD557A /* String+Validations.swift */; };
		A7719E311FAB327600BD557A /* APIClient.swift in Sources */ = {isa = PBXBuildFile; fileRef = A7719E101FAB327500BD557A /* APIClient.swift */; };
		A7719E321FAB327600BD557A /* MapViewController.swift in Sources */ = {isa = PBXBuildFile; fileRef = A7719E141FAB327600BD557A /* MapViewController.swift */; };
		A7719E331FAB327600BD557A /* ListViewController.swift in Sources */ = {isa = PBXBuildFile; fileRef = A7719E161FAB327600BD557A /* ListViewController.swift */; };
		A7719E341FAB327600BD557A /* LoginViewController.swift in Sources */ = {isa = PBXBuildFile; fileRef = A7719E181FAB327600BD557A /* LoginViewController.swift */; };
		A7719E351FAB327600BD557A /* BaseDroneSafelyViewController.swift in Sources */ = {isa = PBXBuildFile; fileRef = A7719E1A1FAB327600BD557A /* BaseDroneSafelyViewController.swift */; };
		A7719E361FAB327600BD557A /* ConfirmLocationMapViewController.swift in Sources */ = {isa = PBXBuildFile; fileRef = A7719E1C1FAB327600BD557A /* ConfirmLocationMapViewController.swift */; };
		A7719E371FAB327600BD557A /* PostLocationViewController.swift in Sources */ = {isa = PBXBuildFile; fileRef = A7719E1D1FAB327600BD557A /* PostLocationViewController.swift */; };
		A7719E381FAB327600BD557A /* ListStudentTableViewCell.swift in Sources */ = {isa = PBXBuildFile; fileRef = A7719E201FAB327600BD557A /* ListStudentTableViewCell.swift */; };
		A7719E391FAB327600BD557A /* LoadingViewPresenter.swift in Sources */ = {isa = PBXBuildFile; fileRef = A7719E221FAB327600BD557A /* LoadingViewPresenter.swift */; };
		A7719E3A1FAB327600BD557A /* LoadingView.xib in Resources */ = {isa = PBXBuildFile; fileRef = A7719E231FAB327600BD557A /* LoadingView.xib */; };
		A7719E3B1FAB327600BD557A /* LoadingView.swift in Sources */ = {isa = PBXBuildFile; fileRef = A7719E241FAB327600BD557A /* LoadingView.swift */; };
		A7719E3C1FAB327600BD557A /* Reachability.swift in Sources */ = {isa = PBXBuildFile; fileRef = A7719E271FAB327600BD557A /* Reachability.swift */; };
		A7719E3D1FAB327600BD557A /* ParserHelper.swift in Sources */ = {isa = PBXBuildFile; fileRef = A7719E281FAB327600BD557A /* ParserHelper.swift */; };
		A771A8881FAED1AB00C5FA28 /* LocationManagerHelper.swift in Sources */ = {isa = PBXBuildFile; fileRef = A771A8871FAED1AB00C5FA28 /* LocationManagerHelper.swift */; };
		A781C28A1FAB426E00ACD649 /* GoogleService-Info.plist in Resources */ = {isa = PBXBuildFile; fileRef = A781C2891FAB426E00ACD649 /* GoogleService-Info.plist */; };
		A79F82421FAB53840055A3A5 /* LoginHelper.swift in Sources */ = {isa = PBXBuildFile; fileRef = A79F82411FAB53840055A3A5 /* LoginHelper.swift */; };
		A7AA02B11FAC77160044544A /* SignupViewController.swift in Sources */ = {isa = PBXBuildFile; fileRef = A7AA02B01FAC77160044544A /* SignupViewController.swift */; };
		A7D6A1ED1FAF19C2005ECF52 /* Location.swift in Sources */ = {isa = PBXBuildFile; fileRef = A7D6A1EC1FAF19C2005ECF52 /* Location.swift */; };
		E2A4A6ABD2C9F901CB5C4BA4 /* libPods-Drone SafelyTests.a in Frameworks */ = {isa = PBXBuildFile; fileRef = EB2E91BAEA557AFFC6316F55 /* libPods-Drone SafelyTests.a */; };
/* End PBXBuildFile section */

/* Begin PBXContainerItemProxy section */
		A7719D881FAB307800BD557A /* PBXContainerItemProxy */ = {
			isa = PBXContainerItemProxy;
			containerPortal = A7719D6B1FAB307800BD557A /* Project object */;
			proxyType = 1;
			remoteGlobalIDString = A7719D721FAB307800BD557A;
			remoteInfo = "Drone Safely";
		};
/* End PBXContainerItemProxy section */

/* Begin PBXFileReference section */
		2219EDB0D4B0FE4F1257E57F /* Pods-Drone SafelyTests.release.xcconfig */ = {isa = PBXFileReference; includeInIndex = 1; lastKnownFileType = text.xcconfig; name = "Pods-Drone SafelyTests.release.xcconfig"; path = "Pods/Target Support Files/Pods-Drone SafelyTests/Pods-Drone SafelyTests.release.xcconfig"; sourceTree = "<group>"; };
		5634CD11A47E129450442E1C /* Pods-Drone Safely.release.xcconfig */ = {isa = PBXFileReference; includeInIndex = 1; lastKnownFileType = text.xcconfig; name = "Pods-Drone Safely.release.xcconfig"; path = "Pods/Target Support Files/Pods-Drone Safely/Pods-Drone Safely.release.xcconfig"; sourceTree = "<group>"; };
		5980FFD4F895BC20AACDE17C /* Pods-Drone SafelyTests.debug.xcconfig */ = {isa = PBXFileReference; includeInIndex = 1; lastKnownFileType = text.xcconfig; name = "Pods-Drone SafelyTests.debug.xcconfig"; path = "Pods/Target Support Files/Pods-Drone SafelyTests/Pods-Drone SafelyTests.debug.xcconfig"; sourceTree = "<group>"; };
		759236E01F5E4F7ABBDE9452 /* Pods-Drone Safely.debug.xcconfig */ = {isa = PBXFileReference; includeInIndex = 1; lastKnownFileType = text.xcconfig; name = "Pods-Drone Safely.debug.xcconfig"; path = "Pods/Target Support Files/Pods-Drone Safely/Pods-Drone Safely.debug.xcconfig"; sourceTree = "<group>"; };
		A7719D731FAB307800BD557A /* Drone Safely.app */ = {isa = PBXFileReference; explicitFileType = wrapper.application; includeInIndex = 0; path = "Drone Safely.app"; sourceTree = BUILT_PRODUCTS_DIR; };
		A7719D761FAB307800BD557A /* AppDelegate.swift */ = {isa = PBXFileReference; lastKnownFileType = sourcecode.swift; path = AppDelegate.swift; sourceTree = "<group>"; };
		A7719D7D1FAB307800BD557A /* Assets.xcassets */ = {isa = PBXFileReference; lastKnownFileType = folder.assetcatalog; path = Assets.xcassets; sourceTree = "<group>"; };
		A7719D821FAB307800BD557A /* Info.plist */ = {isa = PBXFileReference; lastKnownFileType = text.plist.xml; path = Info.plist; sourceTree = "<group>"; };
		A7719D871FAB307800BD557A /* Drone SafelyTests.xctest */ = {isa = PBXFileReference; explicitFileType = wrapper.cfbundle; includeInIndex = 0; path = "Drone SafelyTests.xctest"; sourceTree = BUILT_PRODUCTS_DIR; };
		A7719D8B1FAB307800BD557A /* Drone_SafelyTests.swift */ = {isa = PBXFileReference; lastKnownFileType = sourcecode.swift; path = Drone_SafelyTests.swift; sourceTree = "<group>"; };
		A7719D8D1FAB307800BD557A /* Info.plist */ = {isa = PBXFileReference; lastKnownFileType = text.plist.xml; path = Info.plist; sourceTree = "<group>"; };
		A7719E031FAB327500BD557A /* Location.storyboard */ = {isa = PBXFileReference; fileEncoding = 4; lastKnownFileType = file.storyboard; path = Location.storyboard; sourceTree = "<group>"; };
		A7719E051FAB327500BD557A /* Base */ = {isa = PBXFileReference; lastKnownFileType = file.storyboard; name = Base; path = Base.lproj/LaunchScreen.storyboard; sourceTree = "<group>"; };
		A7719E071FAB327500BD557A /* Base */ = {isa = PBXFileReference; lastKnownFileType = file.storyboard; name = Base; path = Base.lproj/Main.storyboard; sourceTree = "<group>"; };
		A7719E081FAB327500BD557A /* Login.storyboard */ = {isa = PBXFileReference; fileEncoding = 4; lastKnownFileType = file.storyboard; path = Login.storyboard; sourceTree = "<group>"; };
		A7719E0A1FAB327500BD557A /* DesignableButton.swift */ = {isa = PBXFileReference; fileEncoding = 4; lastKnownFileType = sourcecode.swift; path = DesignableButton.swift; sourceTree = "<group>"; };
		A7719E0B1FAB327500BD557A /* Extensions.swift */ = {isa = PBXFileReference; fileEncoding = 4; lastKnownFileType = sourcecode.swift; path = Extensions.swift; sourceTree = "<group>"; };
		A7719E0C1FAB327500BD557A /* DesignableView.swift */ = {isa = PBXFileReference; fileEncoding = 4; lastKnownFileType = sourcecode.swift; path = DesignableView.swift; sourceTree = "<group>"; };
		A7719E0D1FAB327500BD557A /* String+Validations.swift */ = {isa = PBXFileReference; fileEncoding = 4; lastKnownFileType = sourcecode.swift; path = "String+Validations.swift"; sourceTree = "<group>"; };
		A7719E101FAB327500BD557A /* APIClient.swift */ = {isa = PBXFileReference; fileEncoding = 4; lastKnownFileType = sourcecode.swift; path = APIClient.swift; sourceTree = "<group>"; };
		A7719E141FAB327600BD557A /* MapViewController.swift */ = {isa = PBXFileReference; fileEncoding = 4; lastKnownFileType = sourcecode.swift; path = MapViewController.swift; sourceTree = "<group>"; };
		A7719E161FAB327600BD557A /* ListViewController.swift */ = {isa = PBXFileReference; fileEncoding = 4; lastKnownFileType = sourcecode.swift; path = ListViewController.swift; sourceTree = "<group>"; };
		A7719E181FAB327600BD557A /* LoginViewController.swift */ = {isa = PBXFileReference; fileEncoding = 4; lastKnownFileType = sourcecode.swift; path = LoginViewController.swift; sourceTree = "<group>"; };
		A7719E1A1FAB327600BD557A /* BaseDroneSafelyViewController.swift */ = {isa = PBXFileReference; fileEncoding = 4; lastKnownFileType = sourcecode.swift; path = BaseDroneSafelyViewController.swift; sourceTree = "<group>"; };
		A7719E1C1FAB327600BD557A /* ConfirmLocationMapViewController.swift */ = {isa = PBXFileReference; fileEncoding = 4; lastKnownFileType = sourcecode.swift; path = ConfirmLocationMapViewController.swift; sourceTree = "<group>"; };
		A7719E1D1FAB327600BD557A /* PostLocationViewController.swift */ = {isa = PBXFileReference; fileEncoding = 4; lastKnownFileType = sourcecode.swift; path = PostLocationViewController.swift; sourceTree = "<group>"; };
		A7719E201FAB327600BD557A /* ListStudentTableViewCell.swift */ = {isa = PBXFileReference; fileEncoding = 4; lastKnownFileType = sourcecode.swift; path = ListStudentTableViewCell.swift; sourceTree = "<group>"; };
		A7719E221FAB327600BD557A /* LoadingViewPresenter.swift */ = {isa = PBXFileReference; fileEncoding = 4; lastKnownFileType = sourcecode.swift; path = LoadingViewPresenter.swift; sourceTree = "<group>"; };
		A7719E231FAB327600BD557A /* LoadingView.xib */ = {isa = PBXFileReference; fileEncoding = 4; lastKnownFileType = file.xib; path = LoadingView.xib; sourceTree = "<group>"; };
		A7719E241FAB327600BD557A /* LoadingView.swift */ = {isa = PBXFileReference; fileEncoding = 4; lastKnownFileType = sourcecode.swift; path = LoadingView.swift; sourceTree = "<group>"; };
		A7719E271FAB327600BD557A /* Reachability.swift */ = {isa = PBXFileReference; fileEncoding = 4; lastKnownFileType = sourcecode.swift; path = Reachability.swift; sourceTree = "<group>"; };
		A7719E281FAB327600BD557A /* ParserHelper.swift */ = {isa = PBXFileReference; fileEncoding = 4; lastKnownFileType = sourcecode.swift; path = ParserHelper.swift; sourceTree = "<group>"; };
		A771A8871FAED1AB00C5FA28 /* LocationManagerHelper.swift */ = {isa = PBXFileReference; lastKnownFileType = sourcecode.swift; path = LocationManagerHelper.swift; sourceTree = "<group>"; };
		A781C2891FAB426E00ACD649 /* GoogleService-Info.plist */ = {isa = PBXFileReference; fileEncoding = 4; lastKnownFileType = text.plist.xml; path = "GoogleService-Info.plist"; sourceTree = "<group>"; };
		A79F82411FAB53840055A3A5 /* LoginHelper.swift */ = {isa = PBXFileReference; lastKnownFileType = sourcecode.swift; path = LoginHelper.swift; sourceTree = "<group>"; };
		A7AA02B01FAC77160044544A /* SignupViewController.swift */ = {isa = PBXFileReference; lastKnownFileType = sourcecode.swift; path = SignupViewController.swift; sourceTree = "<group>"; };
		A7D6A1EC1FAF19C2005ECF52 /* Location.swift */ = {isa = PBXFileReference; lastKnownFileType = sourcecode.swift; path = Location.swift; sourceTree = "<group>"; };
		B972F6FA0F0149C69449D51B /* libPods-Drone Safely.a */ = {isa = PBXFileReference; explicitFileType = archive.ar; includeInIndex = 0; path = "libPods-Drone Safely.a"; sourceTree = BUILT_PRODUCTS_DIR; };
		EB2E91BAEA557AFFC6316F55 /* libPods-Drone SafelyTests.a */ = {isa = PBXFileReference; explicitFileType = archive.ar; includeInIndex = 0; path = "libPods-Drone SafelyTests.a"; sourceTree = BUILT_PRODUCTS_DIR; };
/* End PBXFileReference section */

/* Begin PBXFrameworksBuildPhase section */
		A7719D701FAB307800BD557A /* Frameworks */ = {
			isa = PBXFrameworksBuildPhase;
			buildActionMask = 2147483647;
			files = (
				7974D24BEDECFA1F1F303A55 /* libPods-Drone Safely.a in Frameworks */,
			);
			runOnlyForDeploymentPostprocessing = 0;
		};
		A7719D841FAB307800BD557A /* Frameworks */ = {
			isa = PBXFrameworksBuildPhase;
			buildActionMask = 2147483647;
			files = (
				E2A4A6ABD2C9F901CB5C4BA4 /* libPods-Drone SafelyTests.a in Frameworks */,
			);
			runOnlyForDeploymentPostprocessing = 0;
		};
/* End PBXFrameworksBuildPhase section */

/* Begin PBXGroup section */
		6906EB36FCA7F06E1C5D22F2 /* Pods */ = {
			isa = PBXGroup;
			children = (
				759236E01F5E4F7ABBDE9452 /* Pods-Drone Safely.debug.xcconfig */,
				5634CD11A47E129450442E1C /* Pods-Drone Safely.release.xcconfig */,
				5980FFD4F895BC20AACDE17C /* Pods-Drone SafelyTests.debug.xcconfig */,
				2219EDB0D4B0FE4F1257E57F /* Pods-Drone SafelyTests.release.xcconfig */,
			);
			name = Pods;
			sourceTree = "<group>";
		};
		9D3F4F63DB89DF88646FEC62 /* Frameworks */ = {
			isa = PBXGroup;
			children = (
				B972F6FA0F0149C69449D51B /* libPods-Drone Safely.a */,
				EB2E91BAEA557AFFC6316F55 /* libPods-Drone SafelyTests.a */,
			);
			name = Frameworks;
			sourceTree = "<group>";
		};
		A7719D6A1FAB307800BD557A = {
			isa = PBXGroup;
			children = (
				A7719D751FAB307800BD557A /* Drone Safely */,
				A7719D8A1FAB307800BD557A /* Drone SafelyTests */,
				A7719D741FAB307800BD557A /* Products */,
				6906EB36FCA7F06E1C5D22F2 /* Pods */,
				9D3F4F63DB89DF88646FEC62 /* Frameworks */,
			);
			sourceTree = "<group>";
		};
		A7719D741FAB307800BD557A /* Products */ = {
			isa = PBXGroup;
			children = (
				A7719D731FAB307800BD557A /* Drone Safely.app */,
				A7719D871FAB307800BD557A /* Drone SafelyTests.xctest */,
			);
			name = Products;
			sourceTree = "<group>";
		};
		A7719D751FAB307800BD557A /* Drone Safely */ = {
			isa = PBXGroup;
			children = (
				A7D6A1EB1FAF197F005ECF52 /* Model */,
				A7719E0E1FAB327500BD557A /* API */,
				A7719E121FAB327600BD557A /* Controllers */,
				A7719E091FAB327500BD557A /* Extensions */,
				A7719E251FAB327600BD557A /* Helpers */,
				A7719E021FAB327500BD557A /* Storyboards */,
				A7719E1E1FAB327600BD557A /* Views */,
				A7719D761FAB307800BD557A /* AppDelegate.swift */,
				A7719D7D1FAB307800BD557A /* Assets.xcassets */,
				A7719D821FAB307800BD557A /* Info.plist */,
			);
			path = "Drone Safely";
			sourceTree = "<group>";
		};
		A7719D8A1FAB307800BD557A /* Drone SafelyTests */ = {
			isa = PBXGroup;
			children = (
				A7719D8B1FAB307800BD557A /* Drone_SafelyTests.swift */,
				A7719D8D1FAB307800BD557A /* Info.plist */,
			);
			path = "Drone SafelyTests";
			sourceTree = "<group>";
		};
		A7719E021FAB327500BD557A /* Storyboards */ = {
			isa = PBXGroup;
			children = (
				A7719E031FAB327500BD557A /* Location.storyboard */,
				A7719E041FAB327500BD557A /* LaunchScreen.storyboard */,
				A7719E061FAB327500BD557A /* Main.storyboard */,
				A7719E081FAB327500BD557A /* Login.storyboard */,
			);
			path = Storyboards;
			sourceTree = "<group>";
		};
		A7719E091FAB327500BD557A /* Extensions */ = {
			isa = PBXGroup;
			children = (
				A7719E0A1FAB327500BD557A /* DesignableButton.swift */,
				A7719E0B1FAB327500BD557A /* Extensions.swift */,
				A7719E0C1FAB327500BD557A /* DesignableView.swift */,
				A7719E0D1FAB327500BD557A /* String+Validations.swift */,
			);
			path = Extensions;
			sourceTree = "<group>";
		};
		A7719E0E1FAB327500BD557A /* API */ = {
			isa = PBXGroup;
			children = (
				A7719E0F1FAB327500BD557A /* Clients */,
				A7719E101FAB327500BD557A /* APIClient.swift */,
				A7719E111FAB327500BD557A /* Constants */,
			);
			path = API;
			sourceTree = "<group>";
		};
		A7719E0F1FAB327500BD557A /* Clients */ = {
			isa = PBXGroup;
			children = (
			);
			path = Clients;
			sourceTree = "<group>";
		};
		A7719E111FAB327500BD557A /* Constants */ = {
			isa = PBXGroup;
			children = (
			);
			path = Constants;
			sourceTree = "<group>";
		};
		A7719E121FAB327600BD557A /* Controllers */ = {
			isa = PBXGroup;
			children = (
				A7AA02AF1FAC77060044544A /* Signup */,
				A7719E131FAB327600BD557A /* Map */,
				A7719E151FAB327600BD557A /* List */,
				A7719E171FAB327600BD557A /* Login */,
				A7719E191FAB327600BD557A /* Base */,
				A7719E1B1FAB327600BD557A /* AddLocation */,
			);
			path = Controllers;
			sourceTree = "<group>";
		};
		A7719E131FAB327600BD557A /* Map */ = {
			isa = PBXGroup;
			children = (
				A7719E141FAB327600BD557A /* MapViewController.swift */,
			);
			path = Map;
			sourceTree = "<group>";
		};
		A7719E151FAB327600BD557A /* List */ = {
			isa = PBXGroup;
			children = (
				A7719E161FAB327600BD557A /* ListViewController.swift */,
			);
			path = List;
			sourceTree = "<group>";
		};
		A7719E171FAB327600BD557A /* Login */ = {
			isa = PBXGroup;
			children = (
				A7719E181FAB327600BD557A /* LoginViewController.swift */,
			);
			path = Login;
			sourceTree = "<group>";
		};
		A7719E191FAB327600BD557A /* Base */ = {
			isa = PBXGroup;
			children = (
				A7719E1A1FAB327600BD557A /* BaseDroneSafelyViewController.swift */,
			);
			path = Base;
			sourceTree = "<group>";
		};
		A7719E1B1FAB327600BD557A /* AddLocation */ = {
			isa = PBXGroup;
			children = (
				A7719E1C1FAB327600BD557A /* ConfirmLocationMapViewController.swift */,
				A7719E1D1FAB327600BD557A /* PostLocationViewController.swift */,
			);
			path = AddLocation;
			sourceTree = "<group>";
		};
		A7719E1E1FAB327600BD557A /* Views */ = {
			isa = PBXGroup;
			children = (
				A7719E1F1FAB327600BD557A /* Cells */,
				A7719E211FAB327600BD557A /* Customs */,
			);
			path = Views;
			sourceTree = "<group>";
		};
		A7719E1F1FAB327600BD557A /* Cells */ = {
			isa = PBXGroup;
			children = (
				A7719E201FAB327600BD557A /* ListStudentTableViewCell.swift */,
			);
			path = Cells;
			sourceTree = "<group>";
		};
		A7719E211FAB327600BD557A /* Customs */ = {
			isa = PBXGroup;
			children = (
				A7719E221FAB327600BD557A /* LoadingViewPresenter.swift */,
				A7719E231FAB327600BD557A /* LoadingView.xib */,
				A7719E241FAB327600BD557A /* LoadingView.swift */,
			);
			path = Customs;
			sourceTree = "<group>";
		};
		A7719E251FAB327600BD557A /* Helpers */ = {
			isa = PBXGroup;
			children = (
				A771A8861FAED19700C5FA28 /* Location */,
				A79F82401FAB53740055A3A5 /* LoginHelper */,
				A7719E261FAB327600BD557A /* 3rd Party */,
				A7719E281FAB327600BD557A /* ParserHelper.swift */,
			);
			path = Helpers;
			sourceTree = "<group>";
		};
		A7719E261FAB327600BD557A /* 3rd Party */ = {
			isa = PBXGroup;
			children = (
				A781C2891FAB426E00ACD649 /* GoogleService-Info.plist */,
				A7719E271FAB327600BD557A /* Reachability.swift */,
			);
			path = "3rd Party";
			sourceTree = "<group>";
		};
		A771A8861FAED19700C5FA28 /* Location */ = {
			isa = PBXGroup;
			children = (
				A771A8871FAED1AB00C5FA28 /* LocationManagerHelper.swift */,
			);
			path = Location;
			sourceTree = "<group>";
		};
		A79F82401FAB53740055A3A5 /* LoginHelper */ = {
			isa = PBXGroup;
			children = (
				A79F82411FAB53840055A3A5 /* LoginHelper.swift */,
			);
			path = LoginHelper;
			sourceTree = "<group>";
		};
		A7AA02AF1FAC77060044544A /* Signup */ = {
			isa = PBXGroup;
			children = (
				A7AA02B01FAC77160044544A /* SignupViewController.swift */,
			);
			path = Signup;
			sourceTree = "<group>";
		};
		A7D6A1EB1FAF197F005ECF52 /* Model */ = {
			isa = PBXGroup;
			children = (
				A7D6A1EC1FAF19C2005ECF52 /* Location.swift */,
			);
			path = Model;
			sourceTree = "<group>";
		};
/* End PBXGroup section */

/* Begin PBXNativeTarget section */
		A7719D721FAB307800BD557A /* Drone Safely */ = {
			isa = PBXNativeTarget;
			buildConfigurationList = A7719D901FAB307800BD557A /* Build configuration list for PBXNativeTarget "Drone Safely" */;
			buildPhases = (
				623EE9BE2E92D49212F0C605 /* [CP] Check Pods Manifest.lock */,
				A7719D6F1FAB307800BD557A /* Sources */,
				A7719D701FAB307800BD557A /* Frameworks */,
				A7719D711FAB307800BD557A /* Resources */,
				E776169AC7BF02724711B309 /* [CP] Embed Pods Frameworks */,
				D5B897C9A59B4D7C441BB776 /* [CP] Copy Pods Resources */,
			);
			buildRules = (
			);
			dependencies = (
			);
			name = "Drone Safely";
			productName = "Drone Safely";
			productReference = A7719D731FAB307800BD557A /* Drone Safely.app */;
			productType = "com.apple.product-type.application";
		};
		A7719D861FAB307800BD557A /* Drone SafelyTests */ = {
			isa = PBXNativeTarget;
			buildConfigurationList = A7719D931FAB307800BD557A /* Build configuration list for PBXNativeTarget "Drone SafelyTests" */;
			buildPhases = (
				1793FA6C91F9577210C4AD16 /* [CP] Check Pods Manifest.lock */,
				A7719D831FAB307800BD557A /* Sources */,
				A7719D841FAB307800BD557A /* Frameworks */,
				A7719D851FAB307800BD557A /* Resources */,
				20C4AB831E0A92625536DA3E /* [CP] Embed Pods Frameworks */,
				A4ED0D6E5D8F213BD0AA1485 /* [CP] Copy Pods Resources */,
			);
			buildRules = (
			);
			dependencies = (
				A7719D891FAB307800BD557A /* PBXTargetDependency */,
			);
			name = "Drone SafelyTests";
			productName = "Drone SafelyTests";
			productReference = A7719D871FAB307800BD557A /* Drone SafelyTests.xctest */;
			productType = "com.apple.product-type.bundle.unit-test";
		};
/* End PBXNativeTarget section */

/* Begin PBXProject section */
		A7719D6B1FAB307800BD557A /* Project object */ = {
			isa = PBXProject;
			attributes = {
				CLASSPREFIX = "";
				LastSwiftUpdateCheck = 0910;
				LastUpgradeCheck = 0910;
				ORGANIZATIONNAME = "Leonardo Vinicius Kaminski Ferreira";
				TargetAttributes = {
					A7719D721FAB307800BD557A = {
						CreatedOnToolsVersion = 9.1;
						ProvisioningStyle = Automatic;
					};
					A7719D861FAB307800BD557A = {
						CreatedOnToolsVersion = 9.1;
						ProvisioningStyle = Automatic;
						TestTargetID = A7719D721FAB307800BD557A;
					};
				};
			};
			buildConfigurationList = A7719D6E1FAB307800BD557A /* Build configuration list for PBXProject "Drone Safely" */;
			compatibilityVersion = "Xcode 8.0";
			developmentRegion = en;
			hasScannedForEncodings = 0;
			knownRegions = (
				en,
				Base,
			);
			mainGroup = A7719D6A1FAB307800BD557A;
			productRefGroup = A7719D741FAB307800BD557A /* Products */;
			projectDirPath = "";
			projectRoot = "";
			targets = (
				A7719D721FAB307800BD557A /* Drone Safely */,
				A7719D861FAB307800BD557A /* Drone SafelyTests */,
			);
		};
/* End PBXProject section */

/* Begin PBXResourcesBuildPhase section */
		A7719D711FAB307800BD557A /* Resources */ = {
			isa = PBXResourcesBuildPhase;
			buildActionMask = 2147483647;
			files = (
				A7719E3A1FAB327600BD557A /* LoadingView.xib in Resources */,
				A7719D7E1FAB307800BD557A /* Assets.xcassets in Resources */,
				A7719E2C1FAB327600BD557A /* Login.storyboard in Resources */,
				A7719E2B1FAB327600BD557A /* Main.storyboard in Resources */,
				A7719E2A1FAB327600BD557A /* LaunchScreen.storyboard in Resources */,
				A7719E291FAB327600BD557A /* Location.storyboard in Resources */,
				A781C28A1FAB426E00ACD649 /* GoogleService-Info.plist in Resources */,
			);
			runOnlyForDeploymentPostprocessing = 0;
		};
		A7719D851FAB307800BD557A /* Resources */ = {
			isa = PBXResourcesBuildPhase;
			buildActionMask = 2147483647;
			files = (
			);
			runOnlyForDeploymentPostprocessing = 0;
		};
/* End PBXResourcesBuildPhase section */

/* Begin PBXShellScriptBuildPhase section */
		1793FA6C91F9577210C4AD16 /* [CP] Check Pods Manifest.lock */ = {
			isa = PBXShellScriptBuildPhase;
			buildActionMask = 2147483647;
			files = (
			);
			inputPaths = (
				"${PODS_PODFILE_DIR_PATH}/Podfile.lock",
				"${PODS_ROOT}/Manifest.lock",
			);
			name = "[CP] Check Pods Manifest.lock";
			outputPaths = (
				"$(DERIVED_FILE_DIR)/Pods-Drone SafelyTests-checkManifestLockResult.txt",
			);
			runOnlyForDeploymentPostprocessing = 0;
			shellPath = /bin/sh;
			shellScript = "diff \"${PODS_PODFILE_DIR_PATH}/Podfile.lock\" \"${PODS_ROOT}/Manifest.lock\" > /dev/null\nif [ $? != 0 ] ; then\n    # print error to STDERR\n    echo \"error: The sandbox is not in sync with the Podfile.lock. Run 'pod install' or update your CocoaPods installation.\" >&2\n    exit 1\nfi\n# This output is used by Xcode 'outputs' to avoid re-running this script phase.\necho \"SUCCESS\" > \"${SCRIPT_OUTPUT_FILE_0}\"\n";
			showEnvVarsInLog = 0;
		};
		20C4AB831E0A92625536DA3E /* [CP] Embed Pods Frameworks */ = {
			isa = PBXShellScriptBuildPhase;
			buildActionMask = 2147483647;
			files = (
			);
			inputPaths = (
			);
			name = "[CP] Embed Pods Frameworks";
			outputPaths = (
			);
			runOnlyForDeploymentPostprocessing = 0;
			shellPath = /bin/sh;
			shellScript = "\"${SRCROOT}/Pods/Target Support Files/Pods-Drone SafelyTests/Pods-Drone SafelyTests-frameworks.sh\"\n";
			showEnvVarsInLog = 0;
		};
		623EE9BE2E92D49212F0C605 /* [CP] Check Pods Manifest.lock */ = {
			isa = PBXShellScriptBuildPhase;
			buildActionMask = 2147483647;
			files = (
			);
			inputPaths = (
				"${PODS_PODFILE_DIR_PATH}/Podfile.lock",
				"${PODS_ROOT}/Manifest.lock",
			);
			name = "[CP] Check Pods Manifest.lock";
			outputPaths = (
				"$(DERIVED_FILE_DIR)/Pods-Drone Safely-checkManifestLockResult.txt",
			);
			runOnlyForDeploymentPostprocessing = 0;
			shellPath = /bin/sh;
			shellScript = "diff \"${PODS_PODFILE_DIR_PATH}/Podfile.lock\" \"${PODS_ROOT}/Manifest.lock\" > /dev/null\nif [ $? != 0 ] ; then\n    # print error to STDERR\n    echo \"error: The sandbox is not in sync with the Podfile.lock. Run 'pod install' or update your CocoaPods installation.\" >&2\n    exit 1\nfi\n# This output is used by Xcode 'outputs' to avoid re-running this script phase.\necho \"SUCCESS\" > \"${SCRIPT_OUTPUT_FILE_0}\"\n";
			showEnvVarsInLog = 0;
		};
		A4ED0D6E5D8F213BD0AA1485 /* [CP] Copy Pods Resources */ = {
			isa = PBXShellScriptBuildPhase;
			buildActionMask = 2147483647;
			files = (
			);
			inputPaths = (
			);
			name = "[CP] Copy Pods Resources";
			outputPaths = (
			);
			runOnlyForDeploymentPostprocessing = 0;
			shellPath = /bin/sh;
			shellScript = "\"${SRCROOT}/Pods/Target Support Files/Pods-Drone SafelyTests/Pods-Drone SafelyTests-resources.sh\"\n";
			showEnvVarsInLog = 0;
		};
		D5B897C9A59B4D7C441BB776 /* [CP] Copy Pods Resources */ = {
			isa = PBXShellScriptBuildPhase;
			buildActionMask = 2147483647;
			files = (
			);
			inputPaths = (
			);
			name = "[CP] Copy Pods Resources";
			outputPaths = (
			);
			runOnlyForDeploymentPostprocessing = 0;
			shellPath = /bin/sh;
			shellScript = "\"${SRCROOT}/Pods/Target Support Files/Pods-Drone Safely/Pods-Drone Safely-resources.sh\"\n";
			showEnvVarsInLog = 0;
		};
		E776169AC7BF02724711B309 /* [CP] Embed Pods Frameworks */ = {
			isa = PBXShellScriptBuildPhase;
			buildActionMask = 2147483647;
			files = (
			);
			inputPaths = (
			);
			name = "[CP] Embed Pods Frameworks";
			outputPaths = (
			);
			runOnlyForDeploymentPostprocessing = 0;
			shellPath = /bin/sh;
			shellScript = "\"${SRCROOT}/Pods/Target Support Files/Pods-Drone Safely/Pods-Drone Safely-frameworks.sh\"\n";
			showEnvVarsInLog = 0;
		};
/* End PBXShellScriptBuildPhase section */

/* Begin PBXSourcesBuildPhase section */
		A7719D6F1FAB307800BD557A /* Sources */ = {
			isa = PBXSourcesBuildPhase;
			buildActionMask = 2147483647;
			files = (
				A7719E351FAB327600BD557A /* BaseDroneSafelyViewController.swift in Sources */,
				A7719E3D1FAB327600BD557A /* ParserHelper.swift in Sources */,
				A7719E311FAB327600BD557A /* APIClient.swift in Sources */,
				A7719E381FAB327600BD557A /* ListStudentTableViewCell.swift in Sources */,
				A7719E391FAB327600BD557A /* LoadingViewPresenter.swift in Sources */,
				A7719E3B1FAB327600BD557A /* LoadingView.swift in Sources */,
				A7719E3C1FAB327600BD557A /* Reachability.swift in Sources */,
				A7719D771FAB307800BD557A /* AppDelegate.swift in Sources */,
				A7AA02B11FAC77160044544A /* SignupViewController.swift in Sources */,
				A7719E361FAB327600BD557A /* ConfirmLocationMapViewController.swift in Sources */,
				A7719E371FAB327600BD557A /* PostLocationViewController.swift in Sources */,
				A7719E2D1FAB327600BD557A /* DesignableButton.swift in Sources */,
				A7719E2F1FAB327600BD557A /* DesignableView.swift in Sources */,
				A7D6A1ED1FAF19C2005ECF52 /* Location.swift in Sources */,
				A7719E331FAB327600BD557A /* ListViewController.swift in Sources */,
				A771A8881FAED1AB00C5FA28 /* LocationManagerHelper.swift in Sources */,
				A7719E2E1FAB327600BD557A /* Extensions.swift in Sources */,
				A7719E301FAB327600BD557A /* String+Validations.swift in Sources */,
				A7719E341FAB327600BD557A /* LoginViewController.swift in Sources */,
				A7719E321FAB327600BD557A /* MapViewController.swift in Sources */,
				A79F82421FAB53840055A3A5 /* LoginHelper.swift in Sources */,
			);
			runOnlyForDeploymentPostprocessing = 0;
		};
		A7719D831FAB307800BD557A /* Sources */ = {
			isa = PBXSourcesBuildPhase;
			buildActionMask = 2147483647;
			files = (
				A7719D8C1FAB307800BD557A /* Drone_SafelyTests.swift in Sources */,
			);
			runOnlyForDeploymentPostprocessing = 0;
		};
/* End PBXSourcesBuildPhase section */

/* Begin PBXTargetDependency section */
		A7719D891FAB307800BD557A /* PBXTargetDependency */ = {
			isa = PBXTargetDependency;
			target = A7719D721FAB307800BD557A /* Drone Safely */;
			targetProxy = A7719D881FAB307800BD557A /* PBXContainerItemProxy */;
		};
/* End PBXTargetDependency section */

/* Begin PBXVariantGroup section */
		A7719E041FAB327500BD557A /* LaunchScreen.storyboard */ = {
			isa = PBXVariantGroup;
			children = (
				A7719E051FAB327500BD557A /* Base */,
			);
			name = LaunchScreen.storyboard;
			sourceTree = "<group>";
		};
		A7719E061FAB327500BD557A /* Main.storyboard */ = {
			isa = PBXVariantGroup;
			children = (
				A7719E071FAB327500BD557A /* Base */,
			);
			name = Main.storyboard;
			sourceTree = "<group>";
		};
/* End PBXVariantGroup section */

/* Begin XCBuildConfiguration section */
		A7719D8E1FAB307800BD557A /* Debug */ = {
			isa = XCBuildConfiguration;
			buildSettings = {
				ALWAYS_SEARCH_USER_PATHS = NO;
				CLANG_ANALYZER_NONNULL = YES;
				CLANG_ANALYZER_NUMBER_OBJECT_CONVERSION = YES_AGGRESSIVE;
				CLANG_CXX_LANGUAGE_STANDARD = "gnu++14";
				CLANG_CXX_LIBRARY = "libc++";
				CLANG_ENABLE_MODULES = YES;
				CLANG_ENABLE_OBJC_ARC = YES;
				CLANG_WARN_BLOCK_CAPTURE_AUTORELEASING = YES;
				CLANG_WARN_BOOL_CONVERSION = YES;
				CLANG_WARN_COMMA = YES;
				CLANG_WARN_CONSTANT_CONVERSION = YES;
				CLANG_WARN_DIRECT_OBJC_ISA_USAGE = YES_ERROR;
				CLANG_WARN_DOCUMENTATION_COMMENTS = YES;
				CLANG_WARN_EMPTY_BODY = YES;
				CLANG_WARN_ENUM_CONVERSION = YES;
				CLANG_WARN_INFINITE_RECURSION = YES;
				CLANG_WARN_INT_CONVERSION = YES;
				CLANG_WARN_NON_LITERAL_NULL_CONVERSION = YES;
				CLANG_WARN_OBJC_LITERAL_CONVERSION = YES;
				CLANG_WARN_OBJC_ROOT_CLASS = YES_ERROR;
				CLANG_WARN_RANGE_LOOP_ANALYSIS = YES;
				CLANG_WARN_STRICT_PROTOTYPES = YES;
				CLANG_WARN_SUSPICIOUS_MOVE = YES;
				CLANG_WARN_UNGUARDED_AVAILABILITY = YES_AGGRESSIVE;
				CLANG_WARN_UNREACHABLE_CODE = YES;
				CLANG_WARN__DUPLICATE_METHOD_MATCH = YES;
				CODE_SIGN_IDENTITY = "iPhone Developer";
				COPY_PHASE_STRIP = NO;
				DEBUG_INFORMATION_FORMAT = dwarf;
				ENABLE_STRICT_OBJC_MSGSEND = YES;
				ENABLE_TESTABILITY = YES;
				GCC_C_LANGUAGE_STANDARD = gnu11;
				GCC_DYNAMIC_NO_PIC = NO;
				GCC_NO_COMMON_BLOCKS = YES;
				GCC_OPTIMIZATION_LEVEL = 0;
				GCC_PREPROCESSOR_DEFINITIONS = (
					"DEBUG=1",
					"$(inherited)",
				);
				GCC_WARN_64_TO_32_BIT_CONVERSION = YES;
				GCC_WARN_ABOUT_RETURN_TYPE = YES_ERROR;
				GCC_WARN_UNDECLARED_SELECTOR = YES;
				GCC_WARN_UNINITIALIZED_AUTOS = YES_AGGRESSIVE;
				GCC_WARN_UNUSED_FUNCTION = YES;
				GCC_WARN_UNUSED_VARIABLE = YES;
				IPHONEOS_DEPLOYMENT_TARGET = 11.1;
				MTL_ENABLE_DEBUG_INFO = YES;
				ONLY_ACTIVE_ARCH = YES;
				SDKROOT = iphoneos;
				SWIFT_ACTIVE_COMPILATION_CONDITIONS = DEBUG;
				SWIFT_OPTIMIZATION_LEVEL = "-Onone";
			};
			name = Debug;
		};
		A7719D8F1FAB307800BD557A /* Release */ = {
			isa = XCBuildConfiguration;
			buildSettings = {
				ALWAYS_SEARCH_USER_PATHS = NO;
				CLANG_ANALYZER_NONNULL = YES;
				CLANG_ANALYZER_NUMBER_OBJECT_CONVERSION = YES_AGGRESSIVE;
				CLANG_CXX_LANGUAGE_STANDARD = "gnu++14";
				CLANG_CXX_LIBRARY = "libc++";
				CLANG_ENABLE_MODULES = YES;
				CLANG_ENABLE_OBJC_ARC = YES;
				CLANG_WARN_BLOCK_CAPTURE_AUTORELEASING = YES;
				CLANG_WARN_BOOL_CONVERSION = YES;
				CLANG_WARN_COMMA = YES;
				CLANG_WARN_CONSTANT_CONVERSION = YES;
				CLANG_WARN_DIRECT_OBJC_ISA_USAGE = YES_ERROR;
				CLANG_WARN_DOCUMENTATION_COMMENTS = YES;
				CLANG_WARN_EMPTY_BODY = YES;
				CLANG_WARN_ENUM_CONVERSION = YES;
				CLANG_WARN_INFINITE_RECURSION = YES;
				CLANG_WARN_INT_CONVERSION = YES;
				CLANG_WARN_NON_LITERAL_NULL_CONVERSION = YES;
				CLANG_WARN_OBJC_LITERAL_CONVERSION = YES;
				CLANG_WARN_OBJC_ROOT_CLASS = YES_ERROR;
				CLANG_WARN_RANGE_LOOP_ANALYSIS = YES;
				CLANG_WARN_STRICT_PROTOTYPES = YES;
				CLANG_WARN_SUSPICIOUS_MOVE = YES;
				CLANG_WARN_UNGUARDED_AVAILABILITY = YES_AGGRESSIVE;
				CLANG_WARN_UNREACHABLE_CODE = YES;
				CLANG_WARN__DUPLICATE_METHOD_MATCH = YES;
				CODE_SIGN_IDENTITY = "iPhone Developer";
				COPY_PHASE_STRIP = NO;
				DEBUG_INFORMATION_FORMAT = "dwarf-with-dsym";
				ENABLE_NS_ASSERTIONS = NO;
				ENABLE_STRICT_OBJC_MSGSEND = YES;
				GCC_C_LANGUAGE_STANDARD = gnu11;
				GCC_NO_COMMON_BLOCKS = YES;
				GCC_WARN_64_TO_32_BIT_CONVERSION = YES;
				GCC_WARN_ABOUT_RETURN_TYPE = YES_ERROR;
				GCC_WARN_UNDECLARED_SELECTOR = YES;
				GCC_WARN_UNINITIALIZED_AUTOS = YES_AGGRESSIVE;
				GCC_WARN_UNUSED_FUNCTION = YES;
				GCC_WARN_UNUSED_VARIABLE = YES;
				IPHONEOS_DEPLOYMENT_TARGET = 11.1;
				MTL_ENABLE_DEBUG_INFO = NO;
				SDKROOT = iphoneos;
				SWIFT_OPTIMIZATION_LEVEL = "-Owholemodule";
				VALIDATE_PRODUCT = YES;
			};
			name = Release;
		};
		A7719D911FAB307800BD557A /* Debug */ = {
			isa = XCBuildConfiguration;
			baseConfigurationReference = 759236E01F5E4F7ABBDE9452 /* Pods-Drone Safely.debug.xcconfig */;
			buildSettings = {
				ASSETCATALOG_COMPILER_APPICON_NAME = AppIcon;
				CODE_SIGN_STYLE = Automatic;
				INFOPLIST_FILE = "Drone Safely/Info.plist";
				IPHONEOS_DEPLOYMENT_TARGET = 9.3;
				LD_RUNPATH_SEARCH_PATHS = "$(inherited) @executable_path/Frameworks";
				PRODUCT_BUNDLE_IDENTIFIER = "com.LeonardoFerreira.Drone-Safely";
				PRODUCT_NAME = "$(TARGET_NAME)";
				SWIFT_VERSION = 4.0;
				TARGETED_DEVICE_FAMILY = "1,2";
			};
			name = Debug;
		};
		A7719D921FAB307800BD557A /* Release */ = {
			isa = XCBuildConfiguration;
			baseConfigurationReference = 5634CD11A47E129450442E1C /* Pods-Drone Safely.release.xcconfig */;
			buildSettings = {
				ASSETCATALOG_COMPILER_APPICON_NAME = AppIcon;
				CODE_SIGN_STYLE = Automatic;
				INFOPLIST_FILE = "Drone Safely/Info.plist";
				IPHONEOS_DEPLOYMENT_TARGET = 9.3;
				LD_RUNPATH_SEARCH_PATHS = "$(inherited) @executable_path/Frameworks";
				PRODUCT_BUNDLE_IDENTIFIER = "com.LeonardoFerreira.Drone-Safely";
				PRODUCT_NAME = "$(TARGET_NAME)";
				SWIFT_VERSION = 4.0;
				TARGETED_DEVICE_FAMILY = "1,2";
			};
			name = Release;
		};
		A7719D941FAB307800BD557A /* Debug */ = {
			isa = XCBuildConfiguration;
			baseConfigurationReference = 5980FFD4F895BC20AACDE17C /* Pods-Drone SafelyTests.debug.xcconfig */;
			buildSettings = {
				ALWAYS_EMBED_SWIFT_STANDARD_LIBRARIES = YES;
				BUNDLE_LOADER = "$(TEST_HOST)";
				CODE_SIGN_STYLE = Automatic;
				INFOPLIST_FILE = "Drone SafelyTests/Info.plist";
				LD_RUNPATH_SEARCH_PATHS = "$(inherited) @executable_path/Frameworks @loader_path/Frameworks";
				PRODUCT_BUNDLE_IDENTIFIER = "com.LeonardoFerreira.Drone-SafelyTests";
				PRODUCT_NAME = "$(TARGET_NAME)";
				SWIFT_VERSION = 4.0;
				TARGETED_DEVICE_FAMILY = "1,2";
				TEST_HOST = "$(BUILT_PRODUCTS_DIR)/Drone Safely.app/Drone Safely";
			};
			name = Debug;
		};
		A7719D951FAB307800BD557A /* Release */ = {
			isa = XCBuildConfiguration;
			baseConfigurationReference = 2219EDB0D4B0FE4F1257E57F /* Pods-Drone SafelyTests.release.xcconfig */;
			buildSettings = {
				ALWAYS_EMBED_SWIFT_STANDARD_LIBRARIES = YES;
				BUNDLE_LOADER = "$(TEST_HOST)";
				CODE_SIGN_STYLE = Automatic;
				INFOPLIST_FILE = "Drone SafelyTests/Info.plist";
				LD_RUNPATH_SEARCH_PATHS = "$(inherited) @executable_path/Frameworks @loader_path/Frameworks";
				PRODUCT_BUNDLE_IDENTIFIER = "com.LeonardoFerreira.Drone-SafelyTests";
				PRODUCT_NAME = "$(TARGET_NAME)";
				SWIFT_VERSION = 4.0;
				TARGETED_DEVICE_FAMILY = "1,2";
				TEST_HOST = "$(BUILT_PRODUCTS_DIR)/Drone Safely.app/Drone Safely";
			};
			name = Release;
		};
/* End XCBuildConfiguration section */

/* Begin XCConfigurationList section */
		A7719D6E1FAB307800BD557A /* Build configuration list for PBXProject "Drone Safely" */ = {
			isa = XCConfigurationList;
			buildConfigurations = (
				A7719D8E1FAB307800BD557A /* Debug */,
				A7719D8F1FAB307800BD557A /* Release */,
			);
			defaultConfigurationIsVisible = 0;
			defaultConfigurationName = Release;
		};
		A7719D901FAB307800BD557A /* Build configuration list for PBXNativeTarget "Drone Safely" */ = {
			isa = XCConfigurationList;
			buildConfigurations = (
				A7719D911FAB307800BD557A /* Debug */,
				A7719D921FAB307800BD557A /* Release */,
			);
			defaultConfigurationIsVisible = 0;
			defaultConfigurationName = Release;
		};
		A7719D931FAB307800BD557A /* Build configuration list for PBXNativeTarget "Drone SafelyTests" */ = {
			isa = XCConfigurationList;
			buildConfigurations = (
				A7719D941FAB307800BD557A /* Debug */,
				A7719D951FAB307800BD557A /* Release */,
			);
			defaultConfigurationIsVisible = 0;
			defaultConfigurationName = Release;
		};
/* End XCConfigurationList section */
	};
	rootObject = A7719D6B1FAB307800BD557A /* Project object */;
}
